<Solution>
  <Project Path="NDSharp/NDSharp.csproj" />
  <Project Path="NDSharp.Tests/NDSharp.Tests.csproj" />
  <Project Path="NDSharp.Image/NDSharp.Image.csproj" />
  <Project Path="NDSharp.Image.Tests/NDSharp.Image.Tests.csproj" />
  <Project Path="PySharpLib/PySharpLib.csproj" />
  <Project Path="PySharpLib.Numpy/PySharpLib.Numpy.csproj" />
  <Project Path="NDSharp.Wavelets/NDSharp.Wavelets.csproj" />
  <Project Path="NDSharp.Plot/NDSharp.Plot.csproj" />
  <Project Path="PySharpLib.Cv2/PySharpLib.Cv2.csproj" />
  <Project Path="PySharpLib.Pywt/PySharpLib.Pywt.csproj" />
  <Project Path="PySharpLib.Matplotlib/PySharpLib.Matplotlib.csproj" />
  <Project Path="PySharpLib.Torch/PySharpLib.Torch.csproj" />
  <Project Path="PipSharpLib/PipSharpLib.csproj" />
  <Project Path="PySharp/PySharp.csproj" />
  <Project Path="PySharp.Tests/PySharp.Tests.csproj" />
</Solution>
